
Microsoft Visual Studio Solution File, Format Version 12.00
# Visual Studio Version 17
VisualStudioVersion = 17.13.35806.99
MinimumVisualStudioVersion = 10.0.40219.1
Project("{FAE04EC0-301F-11D3-BF4B-00C04F79EFBC}") = "WebApi", "WebApi\WebApi.csproj", "{591BEAD0-7594-4284-B8E4-784D6FC01E17}"
EndProject
Project("{FAE04EC0-301F-11D3-BF4B-00C04F79EFBC}") = "Data", "Data\Data.csproj", "{510F5959-8103-4735-AE35-82F09A361004}"
EndProject
Project("{FAE04EC0-301F-11D3-BF4B-00C04F79EFBC}") = "Business", "Business\Business.csproj", "{AA942C37-3B94-4B98-9085-471198A814BC}"
EndProject
Global
	GlobalSection(SolutionConfigurationPlatforms) = preSolution
		Debug|Any CPU = Debug|Any CPU
		Release|Any CPU = Release|Any CPU
	EndGlobalSection
	GlobalSection(ProjectConfigurationPlatforms) = postSolution
		{591BEAD0-7594-4284-B8E4-784D6FC01E17}.Debug|Any CPU.ActiveCfg = Debug|Any CPU
		{591BEAD0-7594-4284-B8E4-784D6FC01E17}.Debug|Any CPU.Build.0 = Debug|Any CPU
		{591BEAD0-7594-4284-B8E4-784D6FC01E17}.Release|Any CPU.ActiveCfg = Release|Any CPU
		{591BEAD0-7594-4284-B8E4-784D6FC01E17}.Release|Any CPU.Build.0 = Release|Any CPU
		{510F5959-8103-4735-AE35-82F09A361004}.Debug|Any CPU.ActiveCfg = Debug|Any CPU
		{510F5959-8103-4735-AE35-82F09A361004}.Debug|Any CPU.Build.0 = Debug|Any CPU
		{510F5959-8103-4735-AE35-82F09A361004}.Release|Any CPU.ActiveCfg = Release|Any CPU
		{510F5959-8103-4735-AE35-82F09A361004}.Release|Any CPU.Build.0 = Release|Any CPU
		{AA942C37-3B94-4B98-9085-471198A814BC}.Debug|Any CPU.ActiveCfg = Debug|Any CPU
		{AA942C37-3B94-4B98-9085-471198A814BC}.Debug|Any CPU.Build.0 = Debug|Any CPU
		{AA942C37-3B94-4B98-9085-471198A814BC}.Release|Any CPU.ActiveCfg = Release|Any CPU
		{AA942C37-3B94-4B98-9085-471198A814BC}.Release|Any CPU.Build.0 = Release|Any CPU
	EndGlobalSection
	GlobalSection(SolutionProperties) = preSolution
		HideSolutionNode = FALSE
	EndGlobalSection
	GlobalSection(ExtensibilityGlobals) = postSolution
		SolutionGuid = {20B6C1B2-9165-4B23-A26B-C68F0DFAEAE9}
	EndGlobalSection
EndGlobal
